
Microsoft Visual Studio Solution File, Format Version 12.00
# Visual Studio Version 17
VisualStudioVersion = 17.10.35013.160
MinimumVisualStudioVersion = 10.0.40219.1
Project("{2150E333-8FDC-42A3-9474-1A3956D46DE8}") = "Frontends", "Frontends", "{5BBAA268-48CB-4A33-9640-8C9126BA3903}"
EndProject
Project("{2150E333-8FDC-42A3-9474-1A3956D46DE8}") = "IdentityServer", "IdentityServer", "{99DDC2A5-943E-4B7C-8AA3-14F7FD186F5D}"
EndProject
Project("{2150E333-8FDC-42A3-9474-1A3956D46DE8}") = "Services", "Services", "{FE8F5352-F6AD-4759-840C-F575529353A8}"
EndProject
Project("{2150E333-8FDC-42A3-9474-1A3956D46DE8}") = "CatologService", "CatologService", "{73237AC1-6220-4CE2-970B-18EEB0BD6D4D}"
EndProject
Project("{2150E333-8FDC-42A3-9474-1A3956D46DE8}") = "BasketService", "BasketService", "{47501813-C3A0-4A9B-94EC-423153DF0F85}"
EndProject
Project("{2150E333-8FDC-42A3-9474-1A3956D46DE8}") = "CommentService", "CommentService", "{0B28FB42-1EBD-4106-81E4-75EAA96FF1D9}"
EndProject
Project("{2150E333-8FDC-42A3-9474-1A3956D46DE8}") = "DeliveryService", "DeliveryService", "{A6AFBB7A-09F5-49EA-A28D-EE11B99DDAA4}"
EndProject
Project("{2150E333-8FDC-42A3-9474-1A3956D46DE8}") = "OrderService", "OrderService", "{E8C9EDCA-9E3B-48C5-B054-40D8BF241F01}"
EndProject
Project("{2150E333-8FDC-42A3-9474-1A3956D46DE8}") = "PaymentService", "PaymentService", "{CFE215F0-09D0-4AD1-AC4B-44D872FBE20C}"
EndProject
Project("{9A19103F-16F7-4668-BE54-9A1E7A4F7556}") = "TakeAway.CatalogService", "CatologService\TakeAway.CatalogService\TakeAway.CatalogService.csproj", "{27F4416F-E590-4920-BA8D-BA56D3DA4C5A}"
EndProject
Project("{2150E333-8FDC-42A3-9474-1A3956D46DE8}") = "DiscountService", "DiscountService", "{1951B4FC-052C-409F-BF61-1C8AD9D56AE9}"
EndProject
Project("{9A19103F-16F7-4668-BE54-9A1E7A4F7556}") = "TakeAway.DiscountService", "Services\DiscountService\TakeAway.DiscountService\TakeAway.DiscountService.csproj", "{6AB8607B-BD22-4C7F-A799-43A6FB4DA200}"
EndProject
Project("{2150E333-8FDC-42A3-9474-1A3956D46DE8}") = "Core", "Core", "{959E7EC8-E5C4-4DBD-8A96-B8B6205A9F4F}"
EndProject
Project("{2150E333-8FDC-42A3-9474-1A3956D46DE8}") = "Infrastructure", "Infrastructure", "{324458B1-2CAC-4842-8042-992CFDD13BDF}"
EndProject
Project("{2150E333-8FDC-42A3-9474-1A3956D46DE8}") = "Presentation", "Presentation", "{A9E02617-D6F8-4C7B-89EE-8D207126946E}"
EndProject
Project("{9A19103F-16F7-4668-BE54-9A1E7A4F7556}") = "TakeAway.PersistanceLayer", "Services\OrderService\Infrastructure\TakeAway.Persistance\TakeAway.PersistanceLayer.csproj", "{7072901A-B92D-4BFC-8B57-4BDC96EE8FAE}"
EndProject
Project("{FAE04EC0-301F-11D3-BF4B-00C04F79EFBC}") = "TakeAway.ApplicationLayer", "OrderService\Core\TakeAway.ApplicationLayer\TakeAway.ApplicationLayer.csproj", "{BD52A2B8-F52C-4B98-8E73-B9FB0BD76013}"
EndProject
Project("{FAE04EC0-301F-11D3-BF4B-00C04F79EFBC}") = "TakeAway.DomainLayer", "OrderService\Core\TakeAway.DomainLayer\TakeAway.DomainLayer.csproj", "{10518AF2-D4AD-4942-8C17-C25FB6CD18B6}"
EndProject
Global
	GlobalSection(SolutionConfigurationPlatforms) = preSolution
		Debug|Any CPU = Debug|Any CPU
		Release|Any CPU = Release|Any CPU
	EndGlobalSection
	GlobalSection(ProjectConfigurationPlatforms) = postSolution
		{27F4416F-E590-4920-BA8D-BA56D3DA4C5A}.Debug|Any CPU.ActiveCfg = Debug|Any CPU
		{27F4416F-E590-4920-BA8D-BA56D3DA4C5A}.Debug|Any CPU.Build.0 = Debug|Any CPU
		{27F4416F-E590-4920-BA8D-BA56D3DA4C5A}.Release|Any CPU.ActiveCfg = Release|Any CPU
		{27F4416F-E590-4920-BA8D-BA56D3DA4C5A}.Release|Any CPU.Build.0 = Release|Any CPU
		{6AB8607B-BD22-4C7F-A799-43A6FB4DA200}.Debug|Any CPU.ActiveCfg = Debug|Any CPU
		{6AB8607B-BD22-4C7F-A799-43A6FB4DA200}.Debug|Any CPU.Build.0 = Debug|Any CPU
		{6AB8607B-BD22-4C7F-A799-43A6FB4DA200}.Release|Any CPU.ActiveCfg = Release|Any CPU
		{6AB8607B-BD22-4C7F-A799-43A6FB4DA200}.Release|Any CPU.Build.0 = Release|Any CPU
		{7072901A-B92D-4BFC-8B57-4BDC96EE8FAE}.Debug|Any CPU.ActiveCfg = Debug|Any CPU
		{7072901A-B92D-4BFC-8B57-4BDC96EE8FAE}.Debug|Any CPU.Build.0 = Debug|Any CPU
		{7072901A-B92D-4BFC-8B57-4BDC96EE8FAE}.Release|Any CPU.ActiveCfg = Release|Any CPU
		{7072901A-B92D-4BFC-8B57-4BDC96EE8FAE}.Release|Any CPU.Build.0 = Release|Any CPU
		{BD52A2B8-F52C-4B98-8E73-B9FB0BD76013}.Debug|Any CPU.ActiveCfg = Debug|Any CPU
		{BD52A2B8-F52C-4B98-8E73-B9FB0BD76013}.Debug|Any CPU.Build.0 = Debug|Any CPU
		{BD52A2B8-F52C-4B98-8E73-B9FB0BD76013}.Release|Any CPU.ActiveCfg = Release|Any CPU
		{BD52A2B8-F52C-4B98-8E73-B9FB0BD76013}.Release|Any CPU.Build.0 = Release|Any CPU
		{10518AF2-D4AD-4942-8C17-C25FB6CD18B6}.Debug|Any CPU.ActiveCfg = Debug|Any CPU
		{10518AF2-D4AD-4942-8C17-C25FB6CD18B6}.Debug|Any CPU.Build.0 = Debug|Any CPU
		{10518AF2-D4AD-4942-8C17-C25FB6CD18B6}.Release|Any CPU.ActiveCfg = Release|Any CPU
		{10518AF2-D4AD-4942-8C17-C25FB6CD18B6}.Release|Any CPU.Build.0 = Release|Any CPU
	EndGlobalSection
	GlobalSection(SolutionProperties) = preSolution
		HideSolutionNode = FALSE
	EndGlobalSection
	GlobalSection(NestedProjects) = preSolution
		{73237AC1-6220-4CE2-970B-18EEB0BD6D4D} = {FE8F5352-F6AD-4759-840C-F575529353A8}
		{47501813-C3A0-4A9B-94EC-423153DF0F85} = {FE8F5352-F6AD-4759-840C-F575529353A8}
		{0B28FB42-1EBD-4106-81E4-75EAA96FF1D9} = {FE8F5352-F6AD-4759-840C-F575529353A8}
		{A6AFBB7A-09F5-49EA-A28D-EE11B99DDAA4} = {FE8F5352-F6AD-4759-840C-F575529353A8}
		{E8C9EDCA-9E3B-48C5-B054-40D8BF241F01} = {FE8F5352-F6AD-4759-840C-F575529353A8}
		{CFE215F0-09D0-4AD1-AC4B-44D872FBE20C} = {FE8F5352-F6AD-4759-840C-F575529353A8}
		{27F4416F-E590-4920-BA8D-BA56D3DA4C5A} = {73237AC1-6220-4CE2-970B-18EEB0BD6D4D}
		{1951B4FC-052C-409F-BF61-1C8AD9D56AE9} = {FE8F5352-F6AD-4759-840C-F575529353A8}
		{6AB8607B-BD22-4C7F-A799-43A6FB4DA200} = {1951B4FC-052C-409F-BF61-1C8AD9D56AE9}
		{959E7EC8-E5C4-4DBD-8A96-B8B6205A9F4F} = {E8C9EDCA-9E3B-48C5-B054-40D8BF241F01}
		{324458B1-2CAC-4842-8042-992CFDD13BDF} = {E8C9EDCA-9E3B-48C5-B054-40D8BF241F01}
		{A9E02617-D6F8-4C7B-89EE-8D207126946E} = {E8C9EDCA-9E3B-48C5-B054-40D8BF241F01}
		{7072901A-B92D-4BFC-8B57-4BDC96EE8FAE} = {324458B1-2CAC-4842-8042-992CFDD13BDF}
		{BD52A2B8-F52C-4B98-8E73-B9FB0BD76013} = {959E7EC8-E5C4-4DBD-8A96-B8B6205A9F4F}
		{10518AF2-D4AD-4942-8C17-C25FB6CD18B6} = {959E7EC8-E5C4-4DBD-8A96-B8B6205A9F4F}
	EndGlobalSection
	GlobalSection(ExtensibilityGlobals) = postSolution
		SolutionGuid = {6D914177-1FA7-486C-8F71-8B8C2EA1FB40}
	EndGlobalSection
EndGlobal
